
Microsoft Visual Studio Solution File, Format Version 12.00
# Visual Studio Version 17
VisualStudioVersion = 17.8.34322.80
MinimumVisualStudioVersion = 10.0.40219.1
Project("{FAE04EC0-301F-11D3-BF4B-00C04F79EFBC}") = "Algorithms_Stanford_Vol1", "Algorithms_Stanford_Vol1\Algorithms_Stanford_Vol1.csproj", "{2E760548-3DD1-43B4-8D1C-858A58BF2046}"
EndProject
Global
	GlobalSection(SolutionConfigurationPlatforms) = preSolution
		Debug|Any CPU = Debug|Any CPU
		Release|Any CPU = Release|Any CPU
	EndGlobalSection
	GlobalSection(ProjectConfigurationPlatforms) = postSolution
		{2E760548-3DD1-43B4-8D1C-858A58BF2046}.Debug|Any CPU.ActiveCfg = Debug|Any CPU
		{2E760548-3DD1-43B4-8D1C-858A58BF2046}.Debug|Any CPU.Build.0 = Debug|Any CPU
		{2E760548-3DD1-43B4-8D1C-858A58BF2046}.Release|Any CPU.ActiveCfg = Release|Any CPU
		{2E760548-3DD1-43B4-8D1C-858A58BF2046}.Release|Any CPU.Build.0 = Release|Any CPU
	EndGlobalSection
	GlobalSection(SolutionProperties) = preSolution
		HideSolutionNode = FALSE
	EndGlobalSection
	GlobalSection(ExtensibilityGlobals) = postSolution
		SolutionGuid = {302D38FD-222B-4627-9804-8D918F4867E1}
	EndGlobalSection
EndGlobal
